// !$*UTF8*$!
{
	archiveVersion = 1;
	classes = {
	};
	objectVersion = 56;
	objects = {

/* Begin PBXBuildFile section */
		223856A65713BFD7E61989CE /* Pods_a902HelloAPI.framework in Frameworks */ = {isa = PBXBuildFile; fileRef = D610DF13F073D5247F9A6D37 /* Pods_a902HelloAPI.framework */; };
		3CE7E1432903B1EB003AB706 /* AppDelegate.swift in Sources */ = {isa = PBXBuildFile; fileRef = 3CE7E1422903B1EB003AB706 /* AppDelegate.swift */; };
		3CE7E1452903B1EB003AB706 /* SceneDelegate.swift in Sources */ = {isa = PBXBuildFile; fileRef = 3CE7E1442903B1EB003AB706 /* SceneDelegate.swift */; };
		3CE7E1472903B1EB003AB706 /* ViewController.swift in Sources */ = {isa = PBXBuildFile; fileRef = 3CE7E1462903B1EB003AB706 /* ViewController.swift */; };
		3CE7E14A2903B1EB003AB706 /* Main.storyboard in Resources */ = {isa = PBXBuildFile; fileRef = 3CE7E1482903B1EB003AB706 /* Main.storyboard */; };
		3CE7E14C2903B1EC003AB706 /* Assets.xcassets in Resources */ = {isa = PBXBuildFile; fileRef = 3CE7E14B2903B1EC003AB706 /* Assets.xcassets */; };
		3CE7E14F2903B1EC003AB706 /* LaunchScreen.storyboard in Resources */ = {isa = PBXBuildFile; fileRef = 3CE7E14D2903B1EC003AB706 /* LaunchScreen.storyboard */; };
		3CE7E1572903B460003AB706 /* APIModel.swift in Sources */ = {isa = PBXBuildFile; fileRef = 3CE7E1562903B460003AB706 /* APIModel.swift */; };
/* End PBXBuildFile section */

/* Begin PBXFileReference section */
		3174F6610ACFD6ADBB99EDA2 /* Pods-a902HelloAPI.debug.xcconfig */ = {isa = PBXFileReference; includeInIndex = 1; lastKnownFileType = text.xcconfig; name = "Pods-a902HelloAPI.debug.xcconfig"; path = "Target Support Files/Pods-a902HelloAPI/Pods-a902HelloAPI.debug.xcconfig"; sourceTree = "<group>"; };
		3CE7E13F2903B1EB003AB706 /* a902HelloAPI.app */ = {isa = PBXFileReference; explicitFileType = wrapper.application; includeInIndex = 0; path = a902HelloAPI.app; sourceTree = BUILT_PRODUCTS_DIR; };
		3CE7E1422903B1EB003AB706 /* AppDelegate.swift */ = {isa = PBXFileReference; lastKnownFileType = sourcecode.swift; path = AppDelegate.swift; sourceTree = "<group>"; };
		3CE7E1442903B1EB003AB706 /* SceneDelegate.swift */ = {isa = PBXFileReference; lastKnownFileType = sourcecode.swift; path = SceneDelegate.swift; sourceTree = "<group>"; };
		3CE7E1462903B1EB003AB706 /* ViewController.swift */ = {isa = PBXFileReference; lastKnownFileType = sourcecode.swift; path = ViewController.swift; sourceTree = "<group>"; };
		3CE7E1492903B1EB003AB706 /* Base */ = {isa = PBXFileReference; lastKnownFileType = file.storyboard; name = Base; path = Base.lproj/Main.storyboard; sourceTree = "<group>"; };
		3CE7E14B2903B1EC003AB706 /* Assets.xcassets */ = {isa = PBXFileReference; lastKnownFileType = folder.assetcatalog; path = Assets.xcassets; sourceTree = "<group>"; };
		3CE7E14E2903B1EC003AB706 /* Base */ = {isa = PBXFileReference; lastKnownFileType = file.storyboard; name = Base; path = Base.lproj/LaunchScreen.storyboard; sourceTree = "<group>"; };
		3CE7E1502903B1EC003AB706 /* Info.plist */ = {isa = PBXFileReference; lastKnownFileType = text.plist.xml; path = Info.plist; sourceTree = "<group>"; };
		3CE7E1562903B460003AB706 /* APIModel.swift */ = {isa = PBXFileReference; lastKnownFileType = sourcecode.swift; path = APIModel.swift; sourceTree = "<group>"; };
		450BC8F924605EA595F3E929 /* Pods-a902HelloAPI.release.xcconfig */ = {isa = PBXFileReference; includeInIndex = 1; lastKnownFileType = text.xcconfig; name = "Pods-a902HelloAPI.release.xcconfig"; path = "Target Support Files/Pods-a902HelloAPI/Pods-a902HelloAPI.release.xcconfig"; sourceTree = "<group>"; };
		D610DF13F073D5247F9A6D37 /* Pods_a902HelloAPI.framework */ = {isa = PBXFileReference; explicitFileType = wrapper.framework; includeInIndex = 0; path = Pods_a902HelloAPI.framework; sourceTree = BUILT_PRODUCTS_DIR; };
/* End PBXFileReference section */

/* Begin PBXFrameworksBuildPhase section */
		3CE7E13C2903B1EB003AB706 /* Frameworks */ = {
			isa = PBXFrameworksBuildPhase;
			buildActionMask = 2147483647;
			files = (
				223856A65713BFD7E61989CE /* Pods_a902HelloAPI.framework in Frameworks */,
			);
			runOnlyForDeploymentPostprocessing = 0;
		};
/* End PBXFrameworksBuildPhase section */

/* Begin PBXGroup section */
		3CE7E1362903B1EB003AB706 = {
			isa = PBXGroup;
			children = (
				3CE7E1412903B1EB003AB706 /* a902HelloAPI */,
				3CE7E1402903B1EB003AB706 /* Products */,
				EBF470446C350D9E04598371 /* Pods */,
				F7CF63849441EF5A2DBE3F8B /* Frameworks */,
			);
			sourceTree = "<group>";
		};
		3CE7E1402903B1EB003AB706 /* Products */ = {
			isa = PBXGroup;
			children = (
				3CE7E13F2903B1EB003AB706 /* a902HelloAPI.app */,
			);
			name = Products;
			sourceTree = "<group>";
		};
		3CE7E1412903B1EB003AB706 /* a902HelloAPI */ = {
			isa = PBXGroup;
			children = (
				3CE7E1422903B1EB003AB706 /* AppDelegate.swift */,
				3CE7E1442903B1EB003AB706 /* SceneDelegate.swift */,
				3CE7E1462903B1EB003AB706 /* ViewController.swift */,
				3CE7E1482903B1EB003AB706 /* Main.storyboard */,
				3CE7E14B2903B1EC003AB706 /* Assets.xcassets */,
				3CE7E14D2903B1EC003AB706 /* LaunchScreen.storyboard */,
				3CE7E1502903B1EC003AB706 /* Info.plist */,
				3CE7E1562903B460003AB706 /* APIModel.swift */,
			);
			path = a902HelloAPI;
			sourceTree = "<group>";
		};
		EBF470446C350D9E04598371 /* Pods */ = {
			isa = PBXGroup;
			children = (
				3174F6610ACFD6ADBB99EDA2 /* Pods-a902HelloAPI.debug.xcconfig */,
				450BC8F924605EA595F3E929 /* Pods-a902HelloAPI.release.xcconfig */,
			);
			path = Pods;
			sourceTree = "<group>";
		};
		F7CF63849441EF5A2DBE3F8B /* Frameworks */ = {
			isa = PBXGroup;
			children = (
				D610DF13F073D5247F9A6D37 /* Pods_a902HelloAPI.framework */,
			);
			name = Frameworks;
			sourceTree = "<group>";
		};
/* End PBXGroup section */

/* Begin PBXNativeTarget section */
		3CE7E13E2903B1EB003AB706 /* a902HelloAPI */ = {
			isa = PBXNativeTarget;
			buildConfigurationList = 3CE7E1532903B1EC003AB706 /* Build configuration list for PBXNativeTarget "a902HelloAPI" */;
			buildPhases = (
				61DBD78B2958A41B244A3261 /* [CP] Check Pods Manifest.lock */,
				3CE7E13B2903B1EB003AB706 /* Sources */,
				3CE7E13C2903B1EB003AB706 /* Frameworks */,
				3CE7E13D2903B1EB003AB706 /* Resources */,
				718E8710F05ECE9676904DF3 /* [CP] Embed Pods Frameworks */,
			);
			buildRules = (
			);
			dependencies = (
			);
			name = a902HelloAPI;
			productName = a902HelloAPI;
			productReference = 3CE7E13F2903B1EB003AB706 /* a902HelloAPI.app */;
			productType = "com.apple.product-type.application";
		};
/* End PBXNativeTarget section */

/* Begin PBXProject section */
		3CE7E1372903B1EB003AB706 /* Project object */ = {
			isa = PBXProject;
			attributes = {
				BuildIndependentTargetsInParallel = 1;
				LastSwiftUpdateCheck = 1400;
				LastUpgradeCheck = 1400;
				TargetAttributes = {
					3CE7E13E2903B1EB003AB706 = {
						CreatedOnToolsVersion = 14.0.1;
					};
				};
			};
			buildConfigurationList = 3CE7E13A2903B1EB003AB706 /* Build configuration list for PBXProject "a902HelloAPI" */;
			compatibilityVersion = "Xcode 14.0";
			developmentRegion = en;
			hasScannedForEncodings = 0;
			knownRegions = (
				en,
				Base,
			);
			mainGroup = 3CE7E1362903B1EB003AB706;
			productRefGroup = 3CE7E1402903B1EB003AB706 /* Products */;
			projectDirPath = "";
			projectRoot = "";
			targets = (
				3CE7E13E2903B1EB003AB706 /* a902HelloAPI */,
			);
		};
/* End PBXProject section */

/* Begin PBXResourcesBuildPhase section */
		3CE7E13D2903B1EB003AB706 /* Resources */ = {
			isa = PBXResourcesBuildPhase;
			buildActionMask = 2147483647;
			files = (
				3CE7E14F2903B1EC003AB706 /* LaunchScreen.storyboard in Resources */,
				3CE7E14C2903B1EC003AB706 /* Assets.xcassets in Resources */,
				3CE7E14A2903B1EB003AB706 /* Main.storyboard in Resources */,
			);
			runOnlyForDeploymentPostprocessing = 0;
		};
/* End PBXResourcesBuildPhase section */

/* Begin PBXShellScriptBuildPhase section */
		61DBD78B2958A41B244A3261 /* [CP] Check Pods Manifest.lock */ = {
			isa = PBXShellScriptBuildPhase;
			buildActionMask = 2147483647;
			files = (
			);
			inputFileListPaths = (
			);
			inputPaths = (
				"${PODS_PODFILE_DIR_PATH}/Podfile.lock",
				"${PODS_ROOT}/Manifest.lock",
			);
			name = "[CP] Check Pods Manifest.lock";
			outputFileListPaths = (
			);
			outputPaths = (
				"$(DERIVED_FILE_DIR)/Pods-a902HelloAPI-checkManifestLockResult.txt",
			);
			runOnlyForDeploymentPostprocessing = 0;
			shellPath = /bin/sh;
			shellScript = "diff \"${PODS_PODFILE_DIR_PATH}/Podfile.lock\" \"${PODS_ROOT}/Manifest.lock\" > /dev/null\nif [ $? != 0 ] ; then\n    # print error to STDERR\n    echo \"error: The sandbox is not in sync with the Podfile.lock. Run 'pod install' or update your CocoaPods installation.\" >&2\n    exit 1\nfi\n# This output is used by Xcode 'outputs' to avoid re-running this script phase.\necho \"SUCCESS\" > \"${SCRIPT_OUTPUT_FILE_0}\"\n";
			showEnvVarsInLog = 0;
		};
		718E8710F05ECE9676904DF3 /* [CP] Embed Pods Frameworks */ = {
			isa = PBXShellScriptBuildPhase;
			buildActionMask = 2147483647;
			files = (
			);
			inputFileListPaths = (
				"${PODS_ROOT}/Target Support Files/Pods-a902HelloAPI/Pods-a902HelloAPI-frameworks-${CONFIGURATION}-input-files.xcfilelist",
			);
			name = "[CP] Embed Pods Frameworks";
			outputFileListPaths = (
				"${PODS_ROOT}/Target Support Files/Pods-a902HelloAPI/Pods-a902HelloAPI-frameworks-${CONFIGURATION}-output-files.xcfilelist",
			);
			runOnlyForDeploymentPostprocessing = 0;
			shellPath = /bin/sh;
			shellScript = "\"${PODS_ROOT}/Target Support Files/Pods-a902HelloAPI/Pods-a902HelloAPI-frameworks.sh\"\n";
			showEnvVarsInLog = 0;
		};
/* End PBXShellScriptBuildPhase section */

/* Begin PBXSourcesBuildPhase section */
		3CE7E13B2903B1EB003AB706 /* Sources */ = {
			isa = PBXSourcesBuildPhase;
			buildActionMask = 2147483647;
			files = (
				3CE7E1572903B460003AB706 /* APIModel.swift in Sources */,
				3CE7E1472903B1EB003AB706 /* ViewController.swift in Sources */,
				3CE7E1432903B1EB003AB706 /* AppDelegate.swift in Sources */,
				3CE7E1452903B1EB003AB706 /* SceneDelegate.swift in Sources */,
			);
			runOnlyForDeploymentPostprocessing = 0;
		};
/* End PBXSourcesBuildPhase section */

/* Begin PBXVariantGroup section */
		3CE7E1482903B1EB003AB706 /* Main.storyboard */ = {
			isa = PBXVariantGroup;
			children = (
				3CE7E1492903B1EB003AB706 /* Base */,
			);
			name = Main.storyboard;
			sourceTree = "<group>";
		};
		3CE7E14D2903B1EC003AB706 /* LaunchScreen.storyboard */ = {
			isa = PBXVariantGroup;
			children = (
				3CE7E14E2903B1EC003AB706 /* Base */,
			);
			name = LaunchScreen.storyboard;
			sourceTree = "<group>";
		};
/* End PBXVariantGroup section */

/* Begin XCBuildConfiguration section */
		3CE7E1512903B1EC003AB706 /* Debug */ = {
			isa = XCBuildConfiguration;
			buildSettings = {
				ALWAYS_SEARCH_USER_PATHS = NO;
				CLANG_ANALYZER_NONNULL = YES;
				CLANG_ANALYZER_NUMBER_OBJECT_CONVERSION = YES_AGGRESSIVE;
				CLANG_CXX_LANGUAGE_STANDARD = "gnu++20";
				CLANG_ENABLE_MODULES = YES;
				CLANG_ENABLE_OBJC_ARC = YES;
				CLANG_ENABLE_OBJC_WEAK = YES;
				CLANG_WARN_BLOCK_CAPTURE_AUTORELEASING = YES;
				CLANG_WARN_BOOL_CONVERSION = YES;
				CLANG_WARN_COMMA = YES;
				CLANG_WARN_CONSTANT_CONVERSION = YES;
				CLANG_WARN_DEPRECATED_OBJC_IMPLEMENTATIONS = YES;
				CLANG_WARN_DIRECT_OBJC_ISA_USAGE = YES_ERROR;
				CLANG_WARN_DOCUMENTATION_COMMENTS = YES;
				CLANG_WARN_EMPTY_BODY = YES;
				CLANG_WARN_ENUM_CONVERSION = YES;
				CLANG_WARN_INFINITE_RECURSION = YES;
				CLANG_WARN_INT_CONVERSION = YES;
				CLANG_WARN_NON_LITERAL_NULL_CONVERSION = YES;
				CLANG_WARN_OBJC_IMPLICIT_RETAIN_SELF = YES;
				CLANG_WARN_OBJC_LITERAL_CONVERSION = YES;
				CLANG_WARN_OBJC_ROOT_CLASS = YES_ERROR;
				CLANG_WARN_QUOTED_INCLUDE_IN_FRAMEWORK_HEADER = YES;
				CLANG_WARN_RANGE_LOOP_ANALYSIS = YES;
				CLANG_WARN_STRICT_PROTOTYPES = YES;
				CLANG_WARN_SUSPICIOUS_MOVE = YES;
				CLANG_WARN_UNGUARDED_AVAILABILITY = YES_AGGRESSIVE;
				CLANG_WARN_UNREACHABLE_CODE = YES;
				CLANG_WARN__DUPLICATE_METHOD_MATCH = YES;
				COPY_PHASE_STRIP = NO;
				DEBUG_INFORMATION_FORMAT = dwarf;
				ENABLE_STRICT_OBJC_MSGSEND = YES;
				ENABLE_TESTABILITY = YES;
				GCC_C_LANGUAGE_STANDARD = gnu11;
				GCC_DYNAMIC_NO_PIC = NO;
				GCC_NO_COMMON_BLOCKS = YES;
				GCC_OPTIMIZATION_LEVEL = 0;
				GCC_PREPROCESSOR_DEFINITIONS = (
					"DEBUG=1",
					"$(inherited)",
				);
				GCC_WARN_64_TO_32_BIT_CONVERSION = YES;
				GCC_WARN_ABOUT_RETURN_TYPE = YES_ERROR;
				GCC_WARN_UNDECLARED_SELECTOR = YES;
				GCC_WARN_UNINITIALIZED_AUTOS = YES_AGGRESSIVE;
				GCC_WARN_UNUSED_FUNCTION = YES;
				GCC_WARN_UNUSED_VARIABLE = YES;
				IPHONEOS_DEPLOYMENT_TARGET = 16.0;
				MTL_ENABLE_DEBUG_INFO = INCLUDE_SOURCE;
				MTL_FAST_MATH = YES;
				ONLY_ACTIVE_ARCH = YES;
				SDKROOT = iphoneos;
				SWIFT_ACTIVE_COMPILATION_CONDITIONS = DEBUG;
				SWIFT_OPTIMIZATION_LEVEL = "-Onone";
			};
			name = Debug;
		};
		3CE7E1522903B1EC003AB706 /* Release */ = {
			isa = XCBuildConfiguration;
			buildSettings = {
				ALWAYS_SEARCH_USER_PATHS = NO;
				CLANG_ANALYZER_NONNULL = YES;
				CLANG_ANALYZER_NUMBER_OBJECT_CONVERSION = YES_AGGRESSIVE;
				CLANG_CXX_LANGUAGE_STANDARD = "gnu++20";
				CLANG_ENABLE_MODULES = YES;
				CLANG_ENABLE_OBJC_ARC = YES;
				CLANG_ENABLE_OBJC_WEAK = YES;
				CLANG_WARN_BLOCK_CAPTURE_AUTORELEASING = YES;
				CLANG_WARN_BOOL_CONVERSION = YES;
				CLANG_WARN_COMMA = YES;
				CLANG_WARN_CONSTANT_CONVERSION = YES;
				CLANG_WARN_DEPRECATED_OBJC_IMPLEMENTATIONS = YES;
				CLANG_WARN_DIRECT_OBJC_ISA_USAGE = YES_ERROR;
				CLANG_WARN_DOCUMENTATION_COMMENTS = YES;
				CLANG_WARN_EMPTY_BODY = YES;
				CLANG_WARN_ENUM_CONVERSION = YES;
				CLANG_WARN_INFINITE_RECURSION = YES;
				CLANG_WARN_INT_CONVERSION = YES;
				CLANG_WARN_NON_LITERAL_NULL_CONVERSION = YES;
				CLANG_WARN_OBJC_IMPLICIT_RETAIN_SELF = YES;
				CLANG_WARN_OBJC_LITERAL_CONVERSION = YES;
				CLANG_WARN_OBJC_ROOT_CLASS = YES_ERROR;
				CLANG_WARN_QUOTED_INCLUDE_IN_FRAMEWORK_HEADER = YES;
				CLANG_WARN_RANGE_LOOP_ANALYSIS = YES;
				CLANG_WARN_STRICT_PROTOTYPES = YES;
				CLANG_WARN_SUSPICIOUS_MOVE = YES;
				CLANG_WARN_UNGUARDED_AVAILABILITY = YES_AGGRESSIVE;
				CLANG_WARN_UNREACHABLE_CODE = YES;
				CLANG_WARN__DUPLICATE_METHOD_MATCH = YES;
				COPY_PHASE_STRIP = NO;
				DEBUG_INFORMATION_FORMAT = "dwarf-with-dsym";
				ENABLE_NS_ASSERTIONS = NO;
				ENABLE_STRICT_OBJC_MSGSEND = YES;
				GCC_C_LANGUAGE_STANDARD = gnu11;
				GCC_NO_COMMON_BLOCKS = YES;
				GCC_WARN_64_TO_32_BIT_CONVERSION = YES;
				GCC_WARN_ABOUT_RETURN_TYPE = YES_ERROR;
				GCC_WARN_UNDECLARED_SELECTOR = YES;
				GCC_WARN_UNINITIALIZED_AUTOS = YES_AGGRESSIVE;
				GCC_WARN_UNUSED_FUNCTION = YES;
				GCC_WARN_UNUSED_VARIABLE = YES;
				IPHONEOS_DEPLOYMENT_TARGET = 16.0;
				MTL_ENABLE_DEBUG_INFO = NO;
				MTL_FAST_MATH = YES;
				SDKROOT = iphoneos;
				SWIFT_COMPILATION_MODE = wholemodule;
				SWIFT_OPTIMIZATION_LEVEL = "-O";
				VALIDATE_PRODUCT = YES;
			};
			name = Release;
		};
		3CE7E1542903B1EC003AB706 /* Debug */ = {
			isa = XCBuildConfiguration;
			baseConfigurationReference = 3174F6610ACFD6ADBB99EDA2 /* Pods-a902HelloAPI.debug.xcconfig */;
			buildSettings = {
				ASSETCATALOG_COMPILER_APPICON_NAME = AppIcon;
				ASSETCATALOG_COMPILER_GLOBAL_ACCENT_COLOR_NAME = AccentColor;
				CODE_SIGN_STYLE = Automatic;
				CURRENT_PROJECT_VERSION = 1;
				GENERATE_INFOPLIST_FILE = YES;
				INFOPLIST_FILE = a902HelloAPI/Info.plist;
				INFOPLIST_KEY_UIApplicationSupportsIndirectInputEvents = YES;
				INFOPLIST_KEY_UILaunchStoryboardName = LaunchScreen;
				INFOPLIST_KEY_UIMainStoryboardFile = Main;
				INFOPLIST_KEY_UISupportedInterfaceOrientations_iPad = "UIInterfaceOrientationPortrait UIInterfaceOrientationPortraitUpsideDown UIInterfaceOrientationLandscapeLeft UIInterfaceOrientationLandscapeRight";
				INFOPLIST_KEY_UISupportedInterfaceOrientations_iPhone = "UIInterfaceOrientationPortrait UIInterfaceOrientationLandscapeLeft UIInterfaceOrientationLandscapeRight";
				LD_RUNPATH_SEARCH_PATHS = (
					"$(inherited)",
					"@executable_path/Frameworks",
				);
				MARKETING_VERSION = 1.0;
				PRODUCT_BUNDLE_IDENTIFIER = s.a902HelloAPI;
				PRODUCT_NAME = "$(TARGET_NAME)";
				SWIFT_EMIT_LOC_STRINGS = YES;
				SWIFT_VERSION = 5.0;
				TARGETED_DEVICE_FAMILY = "1,2";
			};
			name = Debug;
		};
		3CE7E1552903B1EC003AB706 /* Release */ = {
			isa = XCBuildConfiguration;
			baseConfigurationReference = 450BC8F924605EA595F3E929 /* Pods-a902HelloAPI.release.xcconfig */;
			buildSettings = {
				ASSETCATALOG_COMPILER_APPICON_NAME = AppIcon;
				ASSETCATALOG_COMPILER_GLOBAL_ACCENT_COLOR_NAME = AccentColor;
				CODE_SIGN_STYLE = Automatic;
				CURRENT_PROJECT_VERSION = 1;
				GENERATE_INFOPLIST_FILE = YES;
				INFOPLIST_FILE = a902HelloAPI/Info.plist;
				INFOPLIST_KEY_UIApplicationSupportsIndirectInputEvents = YES;
				INFOPLIST_KEY_UILaunchStoryboardName = LaunchScreen;
				INFOPLIST_KEY_UIMainStoryboardFile = Main;
				INFOPLIST_KEY_UISupportedInterfaceOrientations_iPad = "UIInterfaceOrientationPortrait UIInterfaceOrientationPortraitUpsideDown UIInterfaceOrientationLandscapeLeft UIInterfaceOrientationLandscapeRight";
				INFOPLIST_KEY_UISupportedInterfaceOrientations_iPhone = "UIInterfaceOrientationPortrait UIInterfaceOrientationLandscapeLeft UIInterfaceOrientationLandscapeRight";
				LD_RUNPATH_SEARCH_PATHS = (
					"$(inherited)",
					"@executable_path/Frameworks",
				);
				MARKETING_VERSION = 1.0;
				PRODUCT_BUNDLE_IDENTIFIER = s.a902HelloAPI;
				PRODUCT_NAME = "$(TARGET_NAME)";
				SWIFT_EMIT_LOC_STRINGS = YES;
				SWIFT_VERSION = 5.0;
				TARGETED_DEVICE_FAMILY = "1,2";
			};
			name = Release;
		};
/* End XCBuildConfiguration section */

/* Begin XCConfigurationList section */
		3CE7E13A2903B1EB003AB706 /* Build configuration list for PBXProject "a902HelloAPI" */ = {
			isa = XCConfigurationList;
			buildConfigurations = (
				3CE7E1512903B1EC003AB706 /* Debug */,
				3CE7E1522903B1EC003AB706 /* Release */,
			);
			defaultConfigurationIsVisible = 0;
			defaultConfigurationName = Release;
		};
		3CE7E1532903B1EC003AB706 /* Build configuration list for PBXNativeTarget "a902HelloAPI" */ = {
			isa = XCConfigurationList;
			buildConfigurations = (
				3CE7E1542903B1EC003AB706 /* Debug */,
				3CE7E1552903B1EC003AB706 /* Release */,
			);
			defaultConfigurationIsVisible = 0;
			defaultConfigurationName = Release;
		};
/* End XCConfigurationList section */
	};
	rootObject = 3CE7E1372903B1EB003AB706 /* Project object */;
}
